{
  "version": 4,
  "terraform_version": "1.9.6",
  "serial": 9,
  "lineage": "6ab6b121-120c-f61a-596e-fb3e128cefa4",
  "outputs": {
    "azurerm_key_vault_id": {
      "value": "/subscriptions/b1aa8aef-49a3-4f27-a9a2-20929a0524db/resourceGroups/rg-viable-stingray/providers/Microsoft.KeyVault/vaults/vault-wuzajbhwhvzrd",
      "type": "string"
    },
    "azurerm_key_vault_name": {
      "value": "vault-wuzajbhwhvzrd",
      "type": "string"
    },
    "resource_group_name": {
      "value": "rg-viable-stingray",
      "type": "string"
    }
  },
  "resources": [
    {
      "mode": "data",
      "type": "azurerm_client_config",
      "name": "current",
      "provider": "provider[\"registry.terraform.io/hashicorp/azurerm\"]",
      "instances": [
        {
          "schema_version": 0,
          "attributes": {
            "client_id": "04b07795-8ddb-461a-bbee-02f9e1bf7b46",
            "id": "Y2xpZW50Q29uZmlncy9jbGllbnRJZD0wNGIwNzc5NS04ZGRiLTQ2MWEtYmJlZS0wMmY5ZTFiZjdiNDY7b2JqZWN0SWQ9NzRkMjUyNTEtZWE1OS00YjFiLWE2OWItYTMyNDUyODk5Mjg2O3N1YnNjcmlwdGlvbklkPWIxYWE4YWVmLTQ5YTMtNGYyNy1hOWEyLTIwOTI5YTA1MjRkYjt0ZW5hbnRJZD1lYjc1MTZmYS1hYzQ2LTQzOWUtYjZiMC00NDQzNmYxOWQwYzM=",
            "object_id": "74d25251-ea59-4b1b-a69b-a32452899286",
            "subscription_id": "b1aa8aef-49a3-4f27-a9a2-20929a0524db",
            "tenant_id": "eb7516fa-ac46-439e-b6b0-44436f19d0c3",
            "timeouts": null
          },
          "sensitive_attributes": []
        }
      ]
    },
    {
      "mode": "managed",
      "type": "azurerm_key_vault",
      "name": "vault",
      "provider": "provider[\"registry.terraform.io/hashicorp/azurerm\"]",
      "instances": [
        {
          "schema_version": 2,
          "attributes": {
            "access_policy": [
              {
                "application_id": "",
                "certificate_permissions": null,
                "key_permissions": [
                  "List",
                  "Create",
                  "Delete",
                  "Get",
                  "Purge",
                  "Recover",
                  "Update",
                  "GetRotationPolicy",
                  "SetRotationPolicy"
                ],
                "object_id": "74d25251-ea59-4b1b-a69b-a32452899286",
                "secret_permissions": [
                  "Set"
                ],
                "storage_permissions": null,
                "tenant_id": "eb7516fa-ac46-439e-b6b0-44436f19d0c3"
              }
            ],
            "contact": [],
            "enable_rbac_authorization": false,
            "enabled_for_deployment": false,
            "enabled_for_disk_encryption": false,
            "enabled_for_template_deployment": false,
            "id": "/subscriptions/b1aa8aef-49a3-4f27-a9a2-20929a0524db/resourceGroups/rg-viable-stingray/providers/Microsoft.KeyVault/vaults/vault-wuzajbhwhvzrd",
            "location": "eastus",
            "name": "vault-wuzajbhwhvzrd",
            "network_acls": [
              {
                "bypass": "AzureServices",
                "default_action": "Allow",
                "ip_rules": [],
                "virtual_network_subnet_ids": []
              }
            ],
            "public_network_access_enabled": true,
            "purge_protection_enabled": false,
            "resource_group_name": "rg-viable-stingray",
            "sku_name": "standard",
            "soft_delete_retention_days": 7,
            "tags": null,
            "tenant_id": "eb7516fa-ac46-439e-b6b0-44436f19d0c3",
            "timeouts": null,
            "vault_uri": "https://vault-wuzajbhwhvzrd.vault.azure.net/"
          },
          "sensitive_attributes": [],
          "private": "eyJlMmJmYjczMC1lY2FhLTExZTYtOGY4OC0zNDM2M2JjN2M0YzAiOnsiY3JlYXRlIjoxODAwMDAwMDAwMDAwLCJkZWxldGUiOjE4MDAwMDAwMDAwMDAsInJlYWQiOjMwMDAwMDAwMDAwMCwidXBkYXRlIjoxODAwMDAwMDAwMDAwfSwic2NoZW1hX3ZlcnNpb24iOiIyIn0=",
          "dependencies": [
            "azurerm_resource_group.rg",
            "data.azurerm_client_config.current",
            "random_pet.rg_name",
            "random_string.azurerm_key_vault_name"
          ]
        }
      ]
    },
    {
      "mode": "managed",
      "type": "azurerm_key_vault_key",
      "name": "key",
      "provider": "provider[\"registry.terraform.io/hashicorp/azurerm\"]",
      "instances": [
        {
          "schema_version": 0,
          "attributes": {
            "curve": "",
            "e": "AQAB",
            "expiration_date": null,
            "id": "https://vault-wuzajbhwhvzrd.vault.azure.net/keys/key-oichlxlkyqghs/789bfe791382465f9c012f570849c44f",
            "key_opts": [
              "decrypt",
              "encrypt",
              "sign",
              "unwrapKey",
              "verify",
              "wrapKey"
            ],
            "key_size": 2048,
            "key_type": "RSA",
            "key_vault_id": "/subscriptions/b1aa8aef-49a3-4f27-a9a2-20929a0524db/resourceGroups/rg-viable-stingray/providers/Microsoft.KeyVault/vaults/vault-wuzajbhwhvzrd",
            "n": "rwbkQPR039PJYpuIl-6o6UpG9wpmVIE9NKmc1XWUwV-ZqDm6-IEFQHFNVAvzbL9PnGcaKQ-FVZ11PMXSpgMqxq-5xspPP7kU4oz_pdgNp8DQj0qiZeXbg3eHDBwjmhZkoAnXjC3VnqLJoBbhI5JX0dLDkGWJYgzJlCcjfD4k9gXMyjz779jhAdObXvtzkelS0OxdHqNhh_GsYc4UqIjmPdvgEBnzyCjMNnUHsnaSbE6dgR6SeOwdahizKteL_rJ-4fq1kNlPIOjivofXtT4uORU4TwOSvOnc1OFYZvxzOssFNsffFro5yH00FofpJ0xbbh1Y1RlZI9YK7Z66CbaWLQ",
            "name": "key-oichlxlkyqghs",
            "not_before_date": null,
            "public_key_openssh": "ssh-rsa AAAAB3NzaC1yc2EAAAADAQABAAABAQCvBuRA9HTf08lim4iX7qjpSkb3CmZUgT00qZzVdZTBX5moObr4gQVAcU1UC/Nsv0+cZxopD4VVnXU8xdKmAyrGr7nGyk8/uRTijP+l2A2nwNCPSqJl5duDd4cMHCOaFmSgCdeMLdWeosmgFuEjklfR0sOQZYliDMmUJyN8PiT2BczKPPvv2OEB05te+3OR6VLQ7F0eo2GH8axhzhSoiOY92+AQGfPIKMw2dQeydpJsTp2BHpJ47B1qGLMq14v+sn7h+rWQ2U8g6OK+h9e1Pi45FThPA5K86dzU4Vhm/HM6ywU2x98WujnIfTQWh+knTFtuHVjVGVkj1grtnroJtpYt\n",
            "public_key_pem": "-----BEGIN PUBLIC KEY-----\nMIIBIjANBgkqhkiG9w0BAQEFAAOCAQ8AMIIBCgKCAQEArwbkQPR039PJYpuIl+6o\n6UpG9wpmVIE9NKmc1XWUwV+ZqDm6+IEFQHFNVAvzbL9PnGcaKQ+FVZ11PMXSpgMq\nxq+5xspPP7kU4oz/pdgNp8DQj0qiZeXbg3eHDBwjmhZkoAnXjC3VnqLJoBbhI5JX\n0dLDkGWJYgzJlCcjfD4k9gXMyjz779jhAdObXvtzkelS0OxdHqNhh/GsYc4UqIjm\nPdvgEBnzyCjMNnUHsnaSbE6dgR6SeOwdahizKteL/rJ+4fq1kNlPIOjivofXtT4u\nORU4TwOSvOnc1OFYZvxzOssFNsffFro5yH00FofpJ0xbbh1Y1RlZI9YK7Z66CbaW\nLQIDAQAB\n-----END PUBLIC KEY-----\n",
            "resource_id": "/subscriptions/b1aa8aef-49a3-4f27-a9a2-20929a0524db/resourceGroups/rg-viable-stingray/providers/Microsoft.KeyVault/vaults/vault-wuzajbhwhvzrd/keys/key-oichlxlkyqghs/versions/789bfe791382465f9c012f570849c44f",
            "resource_versionless_id": "/subscriptions/b1aa8aef-49a3-4f27-a9a2-20929a0524db/resourceGroups/rg-viable-stingray/providers/Microsoft.KeyVault/vaults/vault-wuzajbhwhvzrd/keys/key-oichlxlkyqghs",
            "rotation_policy": [
              {
                "automatic": [
                  {
                    "time_after_creation": "",
                    "time_before_expiry": "P30D"
                  }
                ],
                "expire_after": "P90D",
                "notify_before_expiry": "P29D"
              }
            ],
            "tags": null,
            "timeouts": null,
            "version": "789bfe791382465f9c012f570849c44f",
            "versionless_id": "https://vault-wuzajbhwhvzrd.vault.azure.net/keys/key-oichlxlkyqghs",
            "x": "",
            "y": ""
          },
          "sensitive_attributes": [],
          "private": "eyJlMmJmYjczMC1lY2FhLTExZTYtOGY4OC0zNDM2M2JjN2M0YzAiOnsiY3JlYXRlIjoxODAwMDAwMDAwMDAwLCJkZWxldGUiOjE4MDAwMDAwMDAwMDAsInJlYWQiOjE4MDAwMDAwMDAwMDAsInVwZGF0ZSI6MTgwMDAwMDAwMDAwMH19",
          "dependencies": [
            "azurerm_key_vault.vault",
            "azurerm_resource_group.rg",
            "data.azurerm_client_config.current",
            "random_pet.rg_name",
            "random_string.azurerm_key_vault_key_name",
            "random_string.azurerm_key_vault_name"
          ]
        }
      ]
    },
    {
      "mode": "managed",
      "type": "azurerm_resource_group",
      "name": "rg",
      "provider": "provider[\"registry.terraform.io/hashicorp/azurerm\"]",
      "instances": [
        {
          "schema_version": 0,
          "attributes": {
            "id": "/subscriptions/b1aa8aef-49a3-4f27-a9a2-20929a0524db/resourceGroups/rg-viable-stingray",
            "location": "eastus",
            "managed_by": "",
            "name": "rg-viable-stingray",
            "tags": null,
            "timeouts": null
          },
          "sensitive_attributes": [],
          "private": "eyJlMmJmYjczMC1lY2FhLTExZTYtOGY4OC0zNDM2M2JjN2M0YzAiOnsiY3JlYXRlIjo1NDAwMDAwMDAwMDAwLCJkZWxldGUiOjU0MDAwMDAwMDAwMDAsInJlYWQiOjMwMDAwMDAwMDAwMCwidXBkYXRlIjo1NDAwMDAwMDAwMDAwfX0=",
          "dependencies": [
            "random_pet.rg_name"
          ]
        }
      ]
    },
    {
      "mode": "managed",
      "type": "random_pet",
      "name": "rg_name",
      "provider": "provider[\"registry.terraform.io/hashicorp/random\"]",
      "instances": [
        {
          "schema_version": 0,
          "attributes": {
            "id": "rg-viable-stingray",
            "keepers": null,
            "length": 2,
            "prefix": "rg",
            "separator": "-"
          },
          "sensitive_attributes": []
        }
      ]
    },
    {
      "mode": "managed",
      "type": "random_string",
      "name": "azurerm_key_vault_key_name",
      "provider": "provider[\"registry.terraform.io/hashicorp/random\"]",
      "instances": [
        {
          "schema_version": 2,
          "attributes": {
            "id": "oichlxlkyqghs",
            "keepers": null,
            "length": 13,
            "lower": true,
            "min_lower": 0,
            "min_numeric": 0,
            "min_special": 0,
            "min_upper": 0,
            "number": false,
            "numeric": false,
            "override_special": null,
            "result": "oichlxlkyqghs",
            "special": false,
            "upper": false
          },
          "sensitive_attributes": []
        }
      ]
    },
    {
      "mode": "managed",
      "type": "random_string",
      "name": "azurerm_key_vault_name",
      "provider": "provider[\"registry.terraform.io/hashicorp/random\"]",
      "instances": [
        {
          "schema_version": 2,
          "attributes": {
            "id": "wuzajbhwhvzrd",
            "keepers": null,
            "length": 13,
            "lower": true,
            "min_lower": 0,
            "min_numeric": 0,
            "min_special": 0,
            "min_upper": 0,
            "number": false,
            "numeric": false,
            "override_special": null,
            "result": "wuzajbhwhvzrd",
            "special": false,
            "upper": false
          },
          "sensitive_attributes": []
        }
      ]
    }
  ],
  "check_results": [
    {
      "object_kind": "var",
      "config_addr": "var.sku_name",
      "status": "pass",
      "objects": [
        {
          "object_addr": "var.sku_name",
          "status": "pass"
        }
      ]
    },
    {
      "object_kind": "var",
      "config_addr": "var.key_type",
      "status": "pass",
      "objects": [
        {
          "object_addr": "var.key_type",
          "status": "pass"
        }
      ]
    }
  ]
}
