{
  "version": 4,
  "terraform_version": "1.9.6",
  "serial": 26,
  "lineage": "6ab6b121-120c-f61a-596e-fb3e128cefa4",
  "outputs": {
    "key_data": {
      "value": "ssh-rsa AAAAB3NzaC1yc2EAAAADAQABAAABgQCj7oVlCPQ2Dosu+RqnkRqNyGTA99HVcReiF5UyPAwmSHIplxCdfm+LoFvuoK0fvp/S+hL1aKVr79HYvy/51HBd3d6XO+WEyLREhjosA0lh+NUzZA3oZJ8L7MUK8RyrqpRd1UvQNM5FnF00abNFtPXoDfgJXf22GkcoYApJBRC00DJGSm0a5Sig8AHIv0h3Qp5tEmkbc4XUvgT12GjCpyNORJc344RzbVkvIJu1p+N6qbdXjvL0sSPAJGgUTAa7RWGbdpyxI3FvMdyFHPEFCG9pWht6gvhIHGmPsH6ZoQRyhkjfFbMyWh54oUzWD0NL9y9aGqZw8CFtgVvjiv/51C5jd9v/6iDImPf9nOU2YKGOQAHCIKfMICIsz6UAPXRVQ4lqgXywrxPRsdH4r8rF0QG+9+NLDkW8aJR8LOH80vJH26h2IUJOSmhyGNTpQkqgZ02tW6FoFr2ePrAmKPvebE6I5hgM5sJo/exvRltz/rymKY8kwuy7wU5fkf184N0iiRU= generated-by-azure",
      "type": "string"
    },
    "private_key_data": {
      "value": "-----BEGIN RSA PRIVATE KEY-----\r\nMIIG4gIBAAKCAYEAo+6FZQj0Ng6LLvkap5EajchkwPfR1XEXoheVMjwMJkhyKZcQ\r\nnX5vi6Bb7qCtH76f0voS9Wila+/R2L8v+dRwXd3elzvlhMi0RIY6LANJYfjVM2QN\r\n6GSfC+zFCvEcq6qUXdVL0DTORZxdNGmzRbT16A34CV39thpHKGAKSQUQtNAyRkpt\r\nGuUooPAByL9Id0KebRJpG3OF1L4E9dhowqcjTkSXN+OEc21ZLyCbtafjeqm3V47y\r\n9LEjwCRoFEwGu0Vhm3acsSNxbzHchRzxBQhvaVobeoL4SBxpj7B+maEEcoZI3xWz\r\nMloeeKFM1g9DS/cvWhqmcPAhbYFb44r/+dQuY3fb/+ogyJj3/ZzlNmChjkABwiCn\r\nzCAiLM+lAD10VUOJaoF8sK8T0bHR+K/KxdEBvvfjSw5FvGiUfCzh/NLyR9uodiFC\r\nTkpochjU6UJKoGdNrVuhaBa9nj6wJij73mxOiOYYDObCaP3sb0Zbc/68pimPJMLs\r\nu8FOX5H9fODdIokVAgMBAAECggGAb57plXITVvtwKfvT+mUC/6eDcyFK71qiDOyh\r\n2iKo4yhRE6CY36RHr3rxHfqp5wOVL8K3RgKLIIObD0qfEC1mlYONHMzb6x3+IOqE\r\nkZNrVBpqkSN/lM1uvl/pixnBu+HaREoH5S0PhraBgD64oq4lAm0AhuBI8MXTzdoX\r\nJsEcLwHUOahTwgxnLa4+iMI2RX5HAV2X0+lFJyZ7mipQqrnDgHeTv6pbdXzvTPeX\r\nDonSiqMlA6mCJLq47QvdEnTx4HHMfWQ2OfTk4TOGL+SjMsBIjsZ5LD8mQTDi2YZn\r\ntt0XzsX8LwhsVKoBPhHDvvCz57HsWoTyjZnE6snp0Kh1gxDgLbmPa7PM2H8WcS0O\r\ngmFHEwdRjvM0fnBhNXNJkLlTeeUDAbAPxlZ2k0z+GaiB68s59XsOLabdZMCQ6wwz\r\nKvXRUwZw0WqOrs+xUgXy6nPFsS6wfGyV85MEmx5HSautPeBCozbQFZMbxU+IAML6\r\nnHbC5/FN9dYjxp9Ph0BOdVVNztfBAoHBAMx8nlbpZqUdogzpJ3v3IJ2jQimwRnMo\r\nzTxZUZhAllF/nEU/IZ1LTdyH60VerA00H/2FZiTjNsdhY7ncfnsXl17Qif/5uSwD\r\nCay/3sECWGgukS8r+PyMs+wBt3Z3SQCky6Av5wRrUnLXK4YLYjCcuB2tJ0AA1JTF\r\nRneMBJr5NO2UmCVOOF9mo9VFeJ6wPEPQlfHWP/hMIHU42Zorynv5Uo2/cAr6PO6m\r\njGGA59IcXfVvjK6PDJ/uh4pXV5BJvOcFkwKBwQDNOoAnIM6Ka8C8zGo3Q3Obzk0j\r\nVvLRDjTRxd3OlvXoriBo+tocxxf5tPQOgdqR+zY1eS4zMloliPMlQ0K8qGCv4FZ3\r\nnRpYr1zUGhEb94T4dUexIInPdMZt2Ns/xoMngL58dsA584ygpX8IOH1k8IOjAdU8\r\nOPp/H+wDLSD9YbNjgPXtWffjhGX31rp29UeElWxPUYGP3cA8AbGaG4kUiNPB6YF6\r\nDsBENnA0/nq0DPazXUTIyhRDdWRONUqnRJbkX7cCgcBvTLkGRz3GS23DpzgFgkov\r\nYwgFFtwRnDixS1BdFXJ744BUNHuAWNeFXDmTZWcyPJfY7r3dAAr11K1qIXh6WSnb\r\nwpgKSoseSH0AmOKOnU8vTYFaco2wMIlRwNFx2pVSk1/9zXTpc9zJgxI+gH2uRe70\r\nwCVn8cvDOekT8pMjItdLJSD21S9bxcsQryJrBTOYGbUzj1D8PbtA8nOGNaWdeuQT\r\nIQrD/tYhc2dfPsFvHF+L0m55KIVPm44Mn2OatnfqKp8CgcA2ib1UqJs6nbfydEAl\r\nv38RgJlvMsQEWkofFP4E0Ik49E0YmNEtpJryeOwCju+Oq7uUKkfkwxTBtMsos98g\r\nU36ePne8AbvmpXN9yg+R5w0nGcObhpIY12eD+YUKRa7E6Km2WbhrrhVI+7HudVSd\r\nZm0U/H+2KU4oSktl7LA/pZ8Oak7wbGA7zgtq+V1ED5qZ2TuXOIm9uahESg7wbTDY\r\njCP5/Bu0XAcsGWtoKdhh0LAeqkKFOW55HtExF2hnWwreVbECgcApqoz0uVAhdvis\r\nrLcc+ZvvoROcXxEhnThVD93/odR4t3FlTH3EOfMSO51o/3LGTOwLG+MxKbwiU7OV\r\nwLeoZ2IBT16MTByO6XyxubYH4rh4oHggtvCPd1IwHc2CMeZPgftyVyC60ooUTuzZ\r\no7zy4Won72kKlRnjq8pUsEcfAGj7JfQpvhQwugL1IgUR2eMRY5Dsyg3qD2rqzjMJ\r\nMLx87N0Zzq2wx6L86COqzZCrSVm/iASfdSzqNiccXnyKabWwEhc=\r\n-----END RSA PRIVATE KEY-----\r\n",
      "type": "string"
    },
    "public_ip_address": {
      "value": "40.117.197.82",
      "type": "string"
    },
    "resource_group_name": {
      "value": "rg-viable-stingray",
      "type": "string"
    }
  },
  "resources": [
    {
      "mode": "managed",
      "type": "azapi_resource",
      "name": "ssh_public_key",
      "provider": "provider[\"registry.terraform.io/azure/azapi\"]",
      "instances": [
        {
          "schema_version": 1,
          "attributes": {
            "body": {
              "value": "{}",
              "type": "string"
            },
            "id": "/subscriptions/b1aa8aef-49a3-4f27-a9a2-20929a0524db/resourceGroups/rg-viable-stingray/providers/Microsoft.Compute/sshPublicKeys/sshgrowingseasnail",
            "identity": [],
            "ignore_body_changes": null,
            "ignore_casing": false,
            "ignore_missing_property": true,
            "location": "eastus",
            "locks": null,
            "name": "sshgrowingseasnail",
            "output": {
              "value": "{}",
              "type": "string"
            },
            "parent_id": "/subscriptions/b1aa8aef-49a3-4f27-a9a2-20929a0524db/resourceGroups/rg-viable-stingray",
            "removing_special_chars": false,
            "response_export_values": null,
            "schema_validation_enabled": true,
            "tags": null,
            "timeouts": null,
            "type": "Microsoft.Compute/sshPublicKeys@2022-11-01"
          },
          "sensitive_attributes": [],
          "dependencies": [
            "azurerm_resource_group.rg",
            "random_pet.rg_name",
            "random_pet.ssh_key_name"
          ]
        }
      ]
    },
    {
      "mode": "managed",
      "type": "azapi_resource_action",
      "name": "ssh_public_key_gen",
      "provider": "provider[\"registry.terraform.io/azure/azapi\"]",
      "instances": [
        {
          "schema_version": 1,
          "attributes": {
            "action": "generateKeyPair",
            "body": null,
            "id": "/subscriptions/b1aa8aef-49a3-4f27-a9a2-20929a0524db/resourceGroups/rg-viable-stingray/providers/Microsoft.Compute/sshPublicKeys/sshgrowingseasnail/generateKeyPair",
            "locks": null,
            "method": "POST",
            "output": {
              "value": {
                "privateKey": "-----BEGIN RSA PRIVATE KEY-----\r\nMIIG4gIBAAKCAYEAo+6FZQj0Ng6LLvkap5EajchkwPfR1XEXoheVMjwMJkhyKZcQ\r\nnX5vi6Bb7qCtH76f0voS9Wila+/R2L8v+dRwXd3elzvlhMi0RIY6LANJYfjVM2QN\r\n6GSfC+zFCvEcq6qUXdVL0DTORZxdNGmzRbT16A34CV39thpHKGAKSQUQtNAyRkpt\r\nGuUooPAByL9Id0KebRJpG3OF1L4E9dhowqcjTkSXN+OEc21ZLyCbtafjeqm3V47y\r\n9LEjwCRoFEwGu0Vhm3acsSNxbzHchRzxBQhvaVobeoL4SBxpj7B+maEEcoZI3xWz\r\nMloeeKFM1g9DS/cvWhqmcPAhbYFb44r/+dQuY3fb/+ogyJj3/ZzlNmChjkABwiCn\r\nzCAiLM+lAD10VUOJaoF8sK8T0bHR+K/KxdEBvvfjSw5FvGiUfCzh/NLyR9uodiFC\r\nTkpochjU6UJKoGdNrVuhaBa9nj6wJij73mxOiOYYDObCaP3sb0Zbc/68pimPJMLs\r\nu8FOX5H9fODdIokVAgMBAAECggGAb57plXITVvtwKfvT+mUC/6eDcyFK71qiDOyh\r\n2iKo4yhRE6CY36RHr3rxHfqp5wOVL8K3RgKLIIObD0qfEC1mlYONHMzb6x3+IOqE\r\nkZNrVBpqkSN/lM1uvl/pixnBu+HaREoH5S0PhraBgD64oq4lAm0AhuBI8MXTzdoX\r\nJsEcLwHUOahTwgxnLa4+iMI2RX5HAV2X0+lFJyZ7mipQqrnDgHeTv6pbdXzvTPeX\r\nDonSiqMlA6mCJLq47QvdEnTx4HHMfWQ2OfTk4TOGL+SjMsBIjsZ5LD8mQTDi2YZn\r\ntt0XzsX8LwhsVKoBPhHDvvCz57HsWoTyjZnE6snp0Kh1gxDgLbmPa7PM2H8WcS0O\r\ngmFHEwdRjvM0fnBhNXNJkLlTeeUDAbAPxlZ2k0z+GaiB68s59XsOLabdZMCQ6wwz\r\nKvXRUwZw0WqOrs+xUgXy6nPFsS6wfGyV85MEmx5HSautPeBCozbQFZMbxU+IAML6\r\nnHbC5/FN9dYjxp9Ph0BOdVVNztfBAoHBAMx8nlbpZqUdogzpJ3v3IJ2jQimwRnMo\r\nzTxZUZhAllF/nEU/IZ1LTdyH60VerA00H/2FZiTjNsdhY7ncfnsXl17Qif/5uSwD\r\nCay/3sECWGgukS8r+PyMs+wBt3Z3SQCky6Av5wRrUnLXK4YLYjCcuB2tJ0AA1JTF\r\nRneMBJr5NO2UmCVOOF9mo9VFeJ6wPEPQlfHWP/hMIHU42Zorynv5Uo2/cAr6PO6m\r\njGGA59IcXfVvjK6PDJ/uh4pXV5BJvOcFkwKBwQDNOoAnIM6Ka8C8zGo3Q3Obzk0j\r\nVvLRDjTRxd3OlvXoriBo+tocxxf5tPQOgdqR+zY1eS4zMloliPMlQ0K8qGCv4FZ3\r\nnRpYr1zUGhEb94T4dUexIInPdMZt2Ns/xoMngL58dsA584ygpX8IOH1k8IOjAdU8\r\nOPp/H+wDLSD9YbNjgPXtWffjhGX31rp29UeElWxPUYGP3cA8AbGaG4kUiNPB6YF6\r\nDsBENnA0/nq0DPazXUTIyhRDdWRONUqnRJbkX7cCgcBvTLkGRz3GS23DpzgFgkov\r\nYwgFFtwRnDixS1BdFXJ744BUNHuAWNeFXDmTZWcyPJfY7r3dAAr11K1qIXh6WSnb\r\nwpgKSoseSH0AmOKOnU8vTYFaco2wMIlRwNFx2pVSk1/9zXTpc9zJgxI+gH2uRe70\r\nwCVn8cvDOekT8pMjItdLJSD21S9bxcsQryJrBTOYGbUzj1D8PbtA8nOGNaWdeuQT\r\nIQrD/tYhc2dfPsFvHF+L0m55KIVPm44Mn2OatnfqKp8CgcA2ib1UqJs6nbfydEAl\r\nv38RgJlvMsQEWkofFP4E0Ik49E0YmNEtpJryeOwCju+Oq7uUKkfkwxTBtMsos98g\r\nU36ePne8AbvmpXN9yg+R5w0nGcObhpIY12eD+YUKRa7E6Km2WbhrrhVI+7HudVSd\r\nZm0U/H+2KU4oSktl7LA/pZ8Oak7wbGA7zgtq+V1ED5qZ2TuXOIm9uahESg7wbTDY\r\njCP5/Bu0XAcsGWtoKdhh0LAeqkKFOW55HtExF2hnWwreVbECgcApqoz0uVAhdvis\r\nrLcc+ZvvoROcXxEhnThVD93/odR4t3FlTH3EOfMSO51o/3LGTOwLG+MxKbwiU7OV\r\nwLeoZ2IBT16MTByO6XyxubYH4rh4oHggtvCPd1IwHc2CMeZPgftyVyC60ooUTuzZ\r\no7zy4Won72kKlRnjq8pUsEcfAGj7JfQpvhQwugL1IgUR2eMRY5Dsyg3qD2rqzjMJ\r\nMLx87N0Zzq2wx6L86COqzZCrSVm/iASfdSzqNiccXnyKabWwEhc=\r\n-----END RSA PRIVATE KEY-----\r\n",
                "publicKey": "ssh-rsa AAAAB3NzaC1yc2EAAAADAQABAAABgQCj7oVlCPQ2Dosu+RqnkRqNyGTA99HVcReiF5UyPAwmSHIplxCdfm+LoFvuoK0fvp/S+hL1aKVr79HYvy/51HBd3d6XO+WEyLREhjosA0lh+NUzZA3oZJ8L7MUK8RyrqpRd1UvQNM5FnF00abNFtPXoDfgJXf22GkcoYApJBRC00DJGSm0a5Sig8AHIv0h3Qp5tEmkbc4XUvgT12GjCpyNORJc344RzbVkvIJu1p+N6qbdXjvL0sSPAJGgUTAa7RWGbdpyxI3FvMdyFHPEFCG9pWht6gvhIHGmPsH6ZoQRyhkjfFbMyWh54oUzWD0NL9y9aGqZw8CFtgVvjiv/51C5jd9v/6iDImPf9nOU2YKGOQAHCIKfMICIsz6UAPXRVQ4lqgXywrxPRsdH4r8rF0QG+9+NLDkW8aJR8LOH80vJH26h2IUJOSmhyGNTpQkqgZ02tW6FoFr2ePrAmKPvebE6I5hgM5sJo/exvRltz/rymKY8kwuy7wU5fkf184N0iiRU= generated-by-azure"
              },
              "type": [
                "object",
                {
                  "privateKey": "string",
                  "publicKey": "string"
                }
              ]
            },
            "resource_id": "/subscriptions/b1aa8aef-49a3-4f27-a9a2-20929a0524db/resourceGroups/rg-viable-stingray/providers/Microsoft.Compute/sshPublicKeys/sshgrowingseasnail",
            "response_export_values": [
              "publicKey",
              "privateKey"
            ],
            "timeouts": null,
            "type": "Microsoft.Compute/sshPublicKeys@2022-11-01",
            "when": "apply"
          },
          "sensitive_attributes": [],
          "dependencies": [
            "azapi_resource.ssh_public_key",
            "azurerm_resource_group.rg",
            "random_pet.rg_name",
            "random_pet.ssh_key_name"
          ]
        }
      ]
    },
    {
      "mode": "managed",
      "type": "azurerm_linux_virtual_machine",
      "name": "my_terraform_vm",
      "provider": "provider[\"registry.terraform.io/hashicorp/azurerm\"]",
      "instances": [
        {
          "schema_version": 0,
          "attributes": {
            "additional_capabilities": [],
            "admin_password": null,
            "admin_ssh_key": [
              {
                "public_key": "ssh-rsa AAAAB3NzaC1yc2EAAAADAQABAAABgQCj7oVlCPQ2Dosu+RqnkRqNyGTA99HVcReiF5UyPAwmSHIplxCdfm+LoFvuoK0fvp/S+hL1aKVr79HYvy/51HBd3d6XO+WEyLREhjosA0lh+NUzZA3oZJ8L7MUK8RyrqpRd1UvQNM5FnF00abNFtPXoDfgJXf22GkcoYApJBRC00DJGSm0a5Sig8AHIv0h3Qp5tEmkbc4XUvgT12GjCpyNORJc344RzbVkvIJu1p+N6qbdXjvL0sSPAJGgUTAa7RWGbdpyxI3FvMdyFHPEFCG9pWht6gvhIHGmPsH6ZoQRyhkjfFbMyWh54oUzWD0NL9y9aGqZw8CFtgVvjiv/51C5jd9v/6iDImPf9nOU2YKGOQAHCIKfMICIsz6UAPXRVQ4lqgXywrxPRsdH4r8rF0QG+9+NLDkW8aJR8LOH80vJH26h2IUJOSmhyGNTpQkqgZ02tW6FoFr2ePrAmKPvebE6I5hgM5sJo/exvRltz/rymKY8kwuy7wU5fkf184N0iiRU= generated-by-azure",
                "username": "azureadmin"
              }
            ],
            "admin_username": "azureadmin",
            "allow_extension_operations": true,
            "availability_set_id": "",
            "boot_diagnostics": [
              {
                "storage_account_uri": "https://diag16d30d49b881304c.blob.core.windows.net/"
              }
            ],
            "computer_name": "hostname",
            "custom_data": null,
            "dedicated_host_group_id": "",
            "dedicated_host_id": "",
            "disable_password_authentication": true,
            "encryption_at_host_enabled": false,
            "eviction_policy": "",
            "extensions_time_budget": "PT1H30M",
            "id": "/subscriptions/b1aa8aef-49a3-4f27-a9a2-20929a0524db/resourceGroups/rg-viable-stingray/providers/Microsoft.Compute/virtualMachines/myVM",
            "identity": [],
            "license_type": "",
            "location": "eastus",
            "max_bid_price": -1,
            "name": "myVM",
            "network_interface_ids": [
              "/subscriptions/b1aa8aef-49a3-4f27-a9a2-20929a0524db/resourceGroups/rg-viable-stingray/providers/Microsoft.Network/networkInterfaces/myNIC"
            ],
            "os_disk": [
              {
                "caching": "ReadWrite",
                "diff_disk_settings": [],
                "disk_encryption_set_id": "",
                "disk_size_gb": 30,
                "name": "myOsDisk",
                "storage_account_type": "Premium_LRS",
                "write_accelerator_enabled": false
              }
            ],
            "patch_mode": "ImageDefault",
            "plan": [],
            "platform_fault_domain": -1,
            "priority": "Regular",
            "private_ip_address": "10.0.1.4",
            "private_ip_addresses": [
              "10.0.1.4"
            ],
            "provision_vm_agent": true,
            "proximity_placement_group_id": "",
            "public_ip_address": "40.117.197.82",
            "public_ip_addresses": [
              "40.117.197.82"
            ],
            "resource_group_name": "rg-viable-stingray",
            "secret": [],
            "secure_boot_enabled": false,
            "size": "Standard_DS1_v2",
            "source_image_id": "",
            "source_image_reference": [
              {
                "offer": "0001-com-ubuntu-server-jammy",
                "publisher": "Canonical",
                "sku": "22_04-lts-gen2",
                "version": "latest"
              }
            ],
            "tags": {},
            "timeouts": null,
            "user_data": "",
            "virtual_machine_id": "2c670a5a-5644-4060-972c-19ac2cef512b",
            "virtual_machine_scale_set_id": "",
            "vtpm_enabled": false,
            "zone": ""
          },
          "sensitive_attributes": [
            [
              {
                "type": "get_attr",
                "value": "admin_password"
              }
            ],
            [
              {
                "type": "get_attr",
                "value": "custom_data"
              }
            ]
          ],
          "private": "eyJlMmJmYjczMC1lY2FhLTExZTYtOGY4OC0zNDM2M2JjN2M0YzAiOnsiY3JlYXRlIjoyNzAwMDAwMDAwMDAwLCJkZWxldGUiOjI3MDAwMDAwMDAwMDAsInJlYWQiOjMwMDAwMDAwMDAwMCwidXBkYXRlIjoyNzAwMDAwMDAwMDAwfX0=",
          "dependencies": [
            "azapi_resource.ssh_public_key",
            "azapi_resource_action.ssh_public_key_gen",
            "azurerm_network_interface.my_terraform_nic",
            "azurerm_public_ip.my_terraform_public_ip",
            "azurerm_resource_group.rg",
            "azurerm_storage_account.my_storage_account",
            "azurerm_subnet.my_terraform_subnet",
            "azurerm_virtual_network.my_terraform_network",
            "random_id.random_id",
            "random_pet.rg_name",
            "random_pet.ssh_key_name"
          ]
        }
      ]
    },
    {
      "mode": "managed",
      "type": "azurerm_network_interface",
      "name": "my_terraform_nic",
      "provider": "provider[\"registry.terraform.io/hashicorp/azurerm\"]",
      "instances": [
        {
          "schema_version": 0,
          "attributes": {
            "applied_dns_servers": [],
            "dns_servers": [],
            "enable_accelerated_networking": false,
            "enable_ip_forwarding": false,
            "id": "/subscriptions/b1aa8aef-49a3-4f27-a9a2-20929a0524db/resourceGroups/rg-viable-stingray/providers/Microsoft.Network/networkInterfaces/myNIC",
            "internal_dns_name_label": "",
            "internal_domain_name_suffix": "k45l5q44wvieblahldbrndubhh.bx.internal.cloudapp.net",
            "ip_configuration": [
              {
                "gateway_load_balancer_frontend_ip_configuration_id": "",
                "name": "my_nic_configuration",
                "primary": true,
                "private_ip_address": "10.0.1.4",
                "private_ip_address_allocation": "Dynamic",
                "private_ip_address_version": "IPv4",
                "public_ip_address_id": "/subscriptions/b1aa8aef-49a3-4f27-a9a2-20929a0524db/resourceGroups/rg-viable-stingray/providers/Microsoft.Network/publicIPAddresses/myPublicIP",
                "subnet_id": "/subscriptions/b1aa8aef-49a3-4f27-a9a2-20929a0524db/resourceGroups/rg-viable-stingray/providers/Microsoft.Network/virtualNetworks/myVnet/subnets/mySubnet"
              }
            ],
            "location": "eastus",
            "mac_address": "7C-1E-52-16-E0-A9",
            "name": "myNIC",
            "private_ip_address": "10.0.1.4",
            "private_ip_addresses": [
              "10.0.1.4"
            ],
            "resource_group_name": "rg-viable-stingray",
            "tags": {},
            "timeouts": null,
            "virtual_machine_id": "/subscriptions/b1aa8aef-49a3-4f27-a9a2-20929a0524db/resourceGroups/rg-viable-stingray/providers/Microsoft.Compute/virtualMachines/myVM"
          },
          "sensitive_attributes": [],
          "private": "eyJlMmJmYjczMC1lY2FhLTExZTYtOGY4OC0zNDM2M2JjN2M0YzAiOnsiY3JlYXRlIjoxODAwMDAwMDAwMDAwLCJkZWxldGUiOjE4MDAwMDAwMDAwMDAsInJlYWQiOjMwMDAwMDAwMDAwMCwidXBkYXRlIjoxODAwMDAwMDAwMDAwfX0=",
          "dependencies": [
            "azurerm_public_ip.my_terraform_public_ip",
            "azurerm_resource_group.rg",
            "azurerm_subnet.my_terraform_subnet",
            "azurerm_virtual_network.my_terraform_network",
            "random_pet.rg_name"
          ]
        }
      ]
    },
    {
      "mode": "managed",
      "type": "azurerm_network_interface_security_group_association",
      "name": "example",
      "provider": "provider[\"registry.terraform.io/hashicorp/azurerm\"]",
      "instances": [
        {
          "schema_version": 0,
          "attributes": {
            "id": "/subscriptions/b1aa8aef-49a3-4f27-a9a2-20929a0524db/resourceGroups/rg-viable-stingray/providers/Microsoft.Network/networkInterfaces/myNIC|/subscriptions/b1aa8aef-49a3-4f27-a9a2-20929a0524db/resourceGroups/rg-viable-stingray/providers/Microsoft.Network/networkSecurityGroups/myNetworkSecurityGroup",
            "network_interface_id": "/subscriptions/b1aa8aef-49a3-4f27-a9a2-20929a0524db/resourceGroups/rg-viable-stingray/providers/Microsoft.Network/networkInterfaces/myNIC",
            "network_security_group_id": "/subscriptions/b1aa8aef-49a3-4f27-a9a2-20929a0524db/resourceGroups/rg-viable-stingray/providers/Microsoft.Network/networkSecurityGroups/myNetworkSecurityGroup",
            "timeouts": null
          },
          "sensitive_attributes": [],
          "private": "eyJlMmJmYjczMC1lY2FhLTExZTYtOGY4OC0zNDM2M2JjN2M0YzAiOnsiY3JlYXRlIjoxODAwMDAwMDAwMDAwLCJkZWxldGUiOjE4MDAwMDAwMDAwMDAsInJlYWQiOjMwMDAwMDAwMDAwMCwidXBkYXRlIjoxODAwMDAwMDAwMDAwfX0=",
          "dependencies": [
            "azurerm_network_interface.my_terraform_nic",
            "azurerm_network_security_group.my_terraform_nsg",
            "azurerm_public_ip.my_terraform_public_ip",
            "azurerm_resource_group.rg",
            "azurerm_subnet.my_terraform_subnet",
            "azurerm_virtual_network.my_terraform_network",
            "random_pet.rg_name"
          ]
        }
      ]
    },
    {
      "mode": "managed",
      "type": "azurerm_network_security_group",
      "name": "my_terraform_nsg",
      "provider": "provider[\"registry.terraform.io/hashicorp/azurerm\"]",
      "instances": [
        {
          "schema_version": 0,
          "attributes": {
            "id": "/subscriptions/b1aa8aef-49a3-4f27-a9a2-20929a0524db/resourceGroups/rg-viable-stingray/providers/Microsoft.Network/networkSecurityGroups/myNetworkSecurityGroup",
            "location": "eastus",
            "name": "myNetworkSecurityGroup",
            "resource_group_name": "rg-viable-stingray",
            "security_rule": [
              {
                "access": "Allow",
                "description": "",
                "destination_address_prefix": "*",
                "destination_address_prefixes": [],
                "destination_application_security_group_ids": [],
                "destination_port_range": "22",
                "destination_port_ranges": [],
                "direction": "Inbound",
                "name": "SSH",
                "priority": 1001,
                "protocol": "Tcp",
                "source_address_prefix": "*",
                "source_address_prefixes": [],
                "source_application_security_group_ids": [],
                "source_port_range": "*",
                "source_port_ranges": []
              }
            ],
            "tags": {},
            "timeouts": null
          },
          "sensitive_attributes": [],
          "private": "eyJlMmJmYjczMC1lY2FhLTExZTYtOGY4OC0zNDM2M2JjN2M0YzAiOnsiY3JlYXRlIjoxODAwMDAwMDAwMDAwLCJkZWxldGUiOjE4MDAwMDAwMDAwMDAsInJlYWQiOjMwMDAwMDAwMDAwMCwidXBkYXRlIjoxODAwMDAwMDAwMDAwfX0=",
          "dependencies": [
            "azurerm_resource_group.rg",
            "random_pet.rg_name"
          ]
        }
      ]
    },
    {
      "mode": "managed",
      "type": "azurerm_public_ip",
      "name": "my_terraform_public_ip",
      "provider": "provider[\"registry.terraform.io/hashicorp/azurerm\"]",
      "instances": [
        {
          "schema_version": 0,
          "attributes": {
            "allocation_method": "Dynamic",
            "availability_zone": "No-Zone",
            "domain_name_label": null,
            "fqdn": null,
            "id": "/subscriptions/b1aa8aef-49a3-4f27-a9a2-20929a0524db/resourceGroups/rg-viable-stingray/providers/Microsoft.Network/publicIPAddresses/myPublicIP",
            "idle_timeout_in_minutes": 4,
            "ip_address": "40.117.197.82",
            "ip_tags": {},
            "ip_version": "IPv4",
            "location": "eastus",
            "name": "myPublicIP",
            "public_ip_prefix_id": null,
            "resource_group_name": "rg-viable-stingray",
            "reverse_fqdn": null,
            "sku": "Basic",
            "sku_tier": "Regional",
            "tags": {},
            "timeouts": null,
            "zones": []
          },
          "sensitive_attributes": [],
          "private": "eyJlMmJmYjczMC1lY2FhLTExZTYtOGY4OC0zNDM2M2JjN2M0YzAiOnsiY3JlYXRlIjoxODAwMDAwMDAwMDAwLCJkZWxldGUiOjE4MDAwMDAwMDAwMDAsInJlYWQiOjMwMDAwMDAwMDAwMCwidXBkYXRlIjoxODAwMDAwMDAwMDAwfX0=",
          "dependencies": [
            "azurerm_resource_group.rg",
            "random_pet.rg_name"
          ]
        }
      ]
    },
    {
      "mode": "managed",
      "type": "azurerm_resource_group",
      "name": "rg",
      "provider": "provider[\"registry.terraform.io/hashicorp/azurerm\"]",
      "instances": [
        {
          "schema_version": 0,
          "attributes": {
            "id": "/subscriptions/b1aa8aef-49a3-4f27-a9a2-20929a0524db/resourceGroups/rg-viable-stingray",
            "location": "eastus",
            "name": "rg-viable-stingray",
            "tags": {},
            "timeouts": null
          },
          "sensitive_attributes": [],
          "private": "eyJlMmJmYjczMC1lY2FhLTExZTYtOGY4OC0zNDM2M2JjN2M0YzAiOnsiY3JlYXRlIjo1NDAwMDAwMDAwMDAwLCJkZWxldGUiOjU0MDAwMDAwMDAwMDAsInJlYWQiOjMwMDAwMDAwMDAwMCwidXBkYXRlIjo1NDAwMDAwMDAwMDAwfX0=",
          "dependencies": [
            "random_pet.rg_name"
          ]
        }
      ]
    },
    {
      "mode": "managed",
      "type": "azurerm_storage_account",
      "name": "my_storage_account",
      "provider": "provider[\"registry.terraform.io/hashicorp/azurerm\"]",
      "instances": [
        {
          "schema_version": 2,
          "attributes": {
            "access_tier": "Hot",
            "account_kind": "StorageV2",
            "account_replication_type": "LRS",
            "account_tier": "Standard",
            "allow_blob_public_access": false,
            "azure_files_authentication": [],
            "blob_properties": [
              {
                "change_feed_enabled": false,
                "container_delete_retention_policy": [],
                "cors_rule": [],
                "default_service_version": "",
                "delete_retention_policy": [],
                "last_access_time_enabled": false,
                "versioning_enabled": false
              }
            ],
            "custom_domain": [],
            "customer_managed_key": [],
            "enable_https_traffic_only": true,
            "id": "/subscriptions/b1aa8aef-49a3-4f27-a9a2-20929a0524db/resourceGroups/rg-viable-stingray/providers/Microsoft.Storage/storageAccounts/diag16d30d49b881304c",
            "identity": [],
            "infrastructure_encryption_enabled": false,
            "is_hns_enabled": false,
            "large_file_share_enabled": null,
            "location": "eastus",
            "min_tls_version": "TLS1_0",
            "name": "diag16d30d49b881304c",
            "network_rules": [
              {
                "bypass": [
                  "AzureServices"
                ],
                "default_action": "Allow",
                "ip_rules": [],
                "private_link_access": [],
                "virtual_network_subnet_ids": []
              }
            ],
            "nfsv3_enabled": false,
            "primary_access_key": "hAGnUkDPuQfGAeLc31MkYbQl1TZakbMwFY29Ixbm1XSCYZ3uWuAmvzhq/XEhd4Y4DG5wg+0AKeAU+ASt4Ra2JQ==",
            "primary_blob_connection_string": "DefaultEndpointsProtocol=https;BlobEndpoint=https://diag16d30d49b881304c.blob.core.windows.net/;AccountName=diag16d30d49b881304c;AccountKey=hAGnUkDPuQfGAeLc31MkYbQl1TZakbMwFY29Ixbm1XSCYZ3uWuAmvzhq/XEhd4Y4DG5wg+0AKeAU+ASt4Ra2JQ==",
            "primary_blob_endpoint": "https://diag16d30d49b881304c.blob.core.windows.net/",
            "primary_blob_host": "diag16d30d49b881304c.blob.core.windows.net",
            "primary_connection_string": "DefaultEndpointsProtocol=https;AccountName=diag16d30d49b881304c;AccountKey=hAGnUkDPuQfGAeLc31MkYbQl1TZakbMwFY29Ixbm1XSCYZ3uWuAmvzhq/XEhd4Y4DG5wg+0AKeAU+ASt4Ra2JQ==;EndpointSuffix=core.windows.net",
            "primary_dfs_endpoint": "https://diag16d30d49b881304c.dfs.core.windows.net/",
            "primary_dfs_host": "diag16d30d49b881304c.dfs.core.windows.net",
            "primary_file_endpoint": "https://diag16d30d49b881304c.file.core.windows.net/",
            "primary_file_host": "diag16d30d49b881304c.file.core.windows.net",
            "primary_location": "eastus",
            "primary_queue_endpoint": "https://diag16d30d49b881304c.queue.core.windows.net/",
            "primary_queue_host": "diag16d30d49b881304c.queue.core.windows.net",
            "primary_table_endpoint": "https://diag16d30d49b881304c.table.core.windows.net/",
            "primary_table_host": "diag16d30d49b881304c.table.core.windows.net",
            "primary_web_endpoint": "https://diag16d30d49b881304c.z13.web.core.windows.net/",
            "primary_web_host": "diag16d30d49b881304c.z13.web.core.windows.net",
            "queue_encryption_key_type": "Service",
            "queue_properties": [
              {
                "cors_rule": [],
                "hour_metrics": [
                  {
                    "enabled": true,
                    "include_apis": true,
                    "retention_policy_days": 7,
                    "version": "1.0"
                  }
                ],
                "logging": [
                  {
                    "delete": false,
                    "read": false,
                    "retention_policy_days": 0,
                    "version": "1.0",
                    "write": false
                  }
                ],
                "minute_metrics": [
                  {
                    "enabled": false,
                    "include_apis": false,
                    "retention_policy_days": 0,
                    "version": "1.0"
                  }
                ]
              }
            ],
            "resource_group_name": "rg-viable-stingray",
            "routing": [],
            "secondary_access_key": "Q0Jt0D+KrPCcWI5+OBe3UOcehrmPl2iKI5/l59DJgluy1zOA7t8tWahDrIykphTeh1V6+79gG2pa+ASt95+vuQ==",
            "secondary_blob_connection_string": "",
            "secondary_blob_endpoint": null,
            "secondary_blob_host": null,
            "secondary_connection_string": "DefaultEndpointsProtocol=https;AccountName=diag16d30d49b881304c;AccountKey=Q0Jt0D+KrPCcWI5+OBe3UOcehrmPl2iKI5/l59DJgluy1zOA7t8tWahDrIykphTeh1V6+79gG2pa+ASt95+vuQ==;EndpointSuffix=core.windows.net",
            "secondary_dfs_endpoint": null,
            "secondary_dfs_host": null,
            "secondary_file_endpoint": null,
            "secondary_file_host": null,
            "secondary_location": "",
            "secondary_queue_endpoint": null,
            "secondary_queue_host": null,
            "secondary_table_endpoint": null,
            "secondary_table_host": null,
            "secondary_web_endpoint": null,
            "secondary_web_host": null,
            "share_properties": [
              {
                "cors_rule": [],
                "retention_policy": [
                  {
                    "days": 7
                  }
                ],
                "smb": []
              }
            ],
            "shared_access_key_enabled": true,
            "static_website": [],
            "table_encryption_key_type": "Service",
            "tags": {},
            "timeouts": null
          },
          "sensitive_attributes": [
            [
              {
                "type": "get_attr",
                "value": "secondary_access_key"
              }
            ],
            [
              {
                "type": "get_attr",
                "value": "primary_blob_connection_string"
              }
            ],
            [
              {
                "type": "get_attr",
                "value": "secondary_connection_string"
              }
            ],
            [
              {
                "type": "get_attr",
                "value": "primary_connection_string"
              }
            ],
            [
              {
                "type": "get_attr",
                "value": "primary_access_key"
              }
            ],
            [
              {
                "type": "get_attr",
                "value": "secondary_blob_connection_string"
              }
            ]
          ],
          "private": "eyJlMmJmYjczMC1lY2FhLTExZTYtOGY4OC0zNDM2M2JjN2M0YzAiOnsiY3JlYXRlIjozNjAwMDAwMDAwMDAwLCJkZWxldGUiOjM2MDAwMDAwMDAwMDAsInJlYWQiOjMwMDAwMDAwMDAwMCwidXBkYXRlIjozNjAwMDAwMDAwMDAwfSwic2NoZW1hX3ZlcnNpb24iOiIyIn0=",
          "dependencies": [
            "azurerm_resource_group.rg",
            "random_id.random_id",
            "random_pet.rg_name"
          ]
        }
      ]
    },
    {
      "mode": "managed",
      "type": "azurerm_subnet",
      "name": "my_terraform_subnet",
      "provider": "provider[\"registry.terraform.io/hashicorp/azurerm\"]",
      "instances": [
        {
          "schema_version": 0,
          "attributes": {
            "address_prefix": "10.0.1.0/24",
            "address_prefixes": [
              "10.0.1.0/24"
            ],
            "delegation": [],
            "enforce_private_link_endpoint_network_policies": false,
            "enforce_private_link_service_network_policies": false,
            "id": "/subscriptions/b1aa8aef-49a3-4f27-a9a2-20929a0524db/resourceGroups/rg-viable-stingray/providers/Microsoft.Network/virtualNetworks/myVnet/subnets/mySubnet",
            "name": "mySubnet",
            "resource_group_name": "rg-viable-stingray",
            "service_endpoint_policy_ids": [],
            "service_endpoints": [],
            "timeouts": null,
            "virtual_network_name": "myVnet"
          },
          "sensitive_attributes": [],
          "private": "eyJlMmJmYjczMC1lY2FhLTExZTYtOGY4OC0zNDM2M2JjN2M0YzAiOnsiY3JlYXRlIjoxODAwMDAwMDAwMDAwLCJkZWxldGUiOjE4MDAwMDAwMDAwMDAsInJlYWQiOjMwMDAwMDAwMDAwMCwidXBkYXRlIjoxODAwMDAwMDAwMDAwfX0=",
          "dependencies": [
            "azurerm_resource_group.rg",
            "azurerm_virtual_network.my_terraform_network",
            "random_pet.rg_name"
          ]
        }
      ]
    },
    {
      "mode": "managed",
      "type": "azurerm_virtual_network",
      "name": "my_terraform_network",
      "provider": "provider[\"registry.terraform.io/hashicorp/azurerm\"]",
      "instances": [
        {
          "schema_version": 0,
          "attributes": {
            "address_space": [
              "10.0.0.0/16"
            ],
            "bgp_community": "",
            "ddos_protection_plan": [],
            "dns_servers": [],
            "flow_timeout_in_minutes": 0,
            "guid": "c3bfbe57-b5de-4050-ac07-58c3168e813f",
            "id": "/subscriptions/b1aa8aef-49a3-4f27-a9a2-20929a0524db/resourceGroups/rg-viable-stingray/providers/Microsoft.Network/virtualNetworks/myVnet",
            "location": "eastus",
            "name": "myVnet",
            "resource_group_name": "rg-viable-stingray",
            "subnet": [
              {
                "address_prefix": "10.0.1.0/24",
                "id": "/subscriptions/b1aa8aef-49a3-4f27-a9a2-20929a0524db/resourceGroups/rg-viable-stingray/providers/Microsoft.Network/virtualNetworks/myVnet/subnets/mySubnet",
                "name": "mySubnet",
                "security_group": ""
              }
            ],
            "tags": {},
            "timeouts": null,
            "vm_protection_enabled": false
          },
          "sensitive_attributes": [],
          "private": "eyJlMmJmYjczMC1lY2FhLTExZTYtOGY4OC0zNDM2M2JjN2M0YzAiOnsiY3JlYXRlIjoxODAwMDAwMDAwMDAwLCJkZWxldGUiOjE4MDAwMDAwMDAwMDAsInJlYWQiOjMwMDAwMDAwMDAwMCwidXBkYXRlIjoxODAwMDAwMDAwMDAwfX0=",
          "dependencies": [
            "azurerm_resource_group.rg",
            "random_pet.rg_name"
          ]
        }
      ]
    },
    {
      "mode": "managed",
      "type": "random_id",
      "name": "random_id",
      "provider": "provider[\"registry.terraform.io/hashicorp/random\"]",
      "instances": [
        {
          "schema_version": 0,
          "attributes": {
            "b64_std": "FtMNSbiBMEw=",
            "b64_url": "FtMNSbiBMEw",
            "byte_length": 8,
            "dec": "1644672899199610956",
            "hex": "16d30d49b881304c",
            "id": "FtMNSbiBMEw",
            "keepers": {
              "resource_group": "rg-viable-stingray"
            },
            "prefix": null
          },
          "sensitive_attributes": [],
          "dependencies": [
            "azurerm_resource_group.rg",
            "random_pet.rg_name"
          ]
        }
      ]
    },
    {
      "mode": "managed",
      "type": "random_pet",
      "name": "rg_name",
      "provider": "provider[\"registry.terraform.io/hashicorp/random\"]",
      "instances": [
        {
          "schema_version": 0,
          "attributes": {
            "id": "rg-viable-stingray",
            "keepers": null,
            "length": 2,
            "prefix": "rg",
            "separator": "-"
          },
          "sensitive_attributes": []
        }
      ]
    },
    {
      "mode": "managed",
      "type": "random_pet",
      "name": "ssh_key_name",
      "provider": "provider[\"registry.terraform.io/hashicorp/random\"]",
      "instances": [
        {
          "schema_version": 0,
          "attributes": {
            "id": "sshgrowingseasnail",
            "keepers": null,
            "length": 2,
            "prefix": "ssh",
            "separator": ""
          },
          "sensitive_attributes": []
        }
      ]
    }
  ],
  "check_results": null
}
